
Microsoft Visual Studio Solution File, Format Version 12.00
# Visual Studio Version 16
VisualStudioVersion = 16.0.30413.136
MinimumVisualStudioVersion = 10.0.40219.1
Project("{2150E333-8FDC-42A3-9474-1A3956D46DE8}") = "Platforms", "Platforms", "{231FE93C-0CE9-4194-A994-0C58B7837FBC}"
EndProject
Project("{FAE04EC0-301F-11D3-BF4B-00C04F79EFBC}") = "UNO_Sample.Droid", "UNO_Sample\UNO_Sample.Droid\UNO_Sample.Droid.csproj", "{134493BF-A65B-410D-A38B-FE1A94DBBE8A}"
EndProject
Project("{FAE04EC0-301F-11D3-BF4B-00C04F79EFBC}") = "UNO_Sample.iOS", "UNO_Sample\UNO_Sample.iOS\UNO_Sample.iOS.csproj", "{72C15D60-1F45-4DB0-807A-1495B79C7015}"
EndProject
Project("{FAE04EC0-301F-11D3-BF4B-00C04F79EFBC}") = "UNO_Sample.UWP", "UNO_Sample\UNO_Sample.UWP\UNO_Sample.UWP.csproj", "{82388DFC-AA0C-4F65-8218-D8A493F1A9CB}"
EndProject
Project("{9A19103F-16F7-4668-BE54-9A1E7A4F7556}") = "UNO_Sample.Wasm", "UNO_Sample\UNO_Sample.Wasm\UNO_Sample.Wasm.csproj", "{FAC2FAC5-9A82-47FD-923E-CC62DFA9FE2C}"
EndProject
Project("{FAE04EC0-301F-11D3-BF4B-00C04F79EFBC}") = "UNO_Sample.macOS", "UNO_Sample\UNO_Sample.macOS\UNO_Sample.macOS.csproj", "{DCC2EFF6-5B3B-4DD9-BD35-DE8E48A5EE25}"
EndProject
Project("{9A19103F-16F7-4668-BE54-9A1E7A4F7556}") = "UNO_Sample.Skia.Wpf.Host", "UNO_Sample\UNO_Sample.Skia.Wpf.Host\UNO_Sample.Skia.Wpf.Host.csproj", "{8C1A7CCA-977B-4AAD-A88A-C8527E0E72ED}"
EndProject
Project("{9A19103F-16F7-4668-BE54-9A1E7A4F7556}") = "UNO_Sample.Skia.Wpf", "UNO_Sample\UNO_Sample.Skia.Wpf\UNO_Sample.Skia.Wpf.csproj", "{A941B714-200F-4948-9F13-86B275681EE2}"
EndProject
Project("{9A19103F-16F7-4668-BE54-9A1E7A4F7556}") = "UNO_Sample.Skia.Gtk", "UNO_Sample\UNO_Sample.Skia.Gtk\UNO_Sample.Skia.Gtk.csproj", "{483F39B8-D9A3-4C4D-AA27-CE1E8283DAC2}"
EndProject
Project("{9A19103F-16F7-4668-BE54-9A1E7A4F7556}") = "UNO_Sample.Skia.Tizen", "UNO_Sample\UNO_Sample.Skia.Tizen\UNO_Sample.Skia.Tizen.csproj", "{0DE3A6BE-F846-4438-BAA0-24EF5AFC0F1F}"
EndProject
Project("{D954291E-2A0B-460D-934E-DC6B0785DB48}") = "UNO_Sample.Shared", "UNO_Sample\UNO_Sample.Shared\UNO_Sample.Shared.shproj", "{6279C845-92F8-4333-AB99-3D213163593C}"
EndProject
Global
	GlobalSection(SharedMSBuildProjectFiles) = preSolution
		UNO_Sample\UNO_Sample.Shared\UNO_Sample.Shared.projitems*{0de3a6be-f846-4438-baa0-24ef5afc0f1f}*SharedItemsImports = 5
		UNO_Sample\UNO_Sample.Shared\UNO_Sample.Shared.projitems*{134493bf-a65b-410d-a38b-fe1a94dbbe8a}*SharedItemsImports = 4
		UNO_Sample\UNO_Sample.Shared\UNO_Sample.Shared.projitems*{483f39b8-d9a3-4c4d-aa27-ce1e8283dac2}*SharedItemsImports = 5
		UNO_Sample\UNO_Sample.Shared\UNO_Sample.Shared.projitems*{6279c845-92f8-4333-ab99-3d213163593c}*SharedItemsImports = 13
		UNO_Sample\UNO_Sample.Shared\UNO_Sample.Shared.projitems*{72c15d60-1f45-4db0-807a-1495b79c7015}*SharedItemsImports = 4
		UNO_Sample\UNO_Sample.Shared\UNO_Sample.Shared.projitems*{82388dfc-aa0c-4f65-8218-d8a493f1a9cb}*SharedItemsImports = 4
		UNO_Sample\UNO_Sample.Shared\UNO_Sample.Shared.projitems*{a941b714-200f-4948-9f13-86b275681ee2}*SharedItemsImports = 5
		UNO_Sample\UNO_Sample.Shared\UNO_Sample.Shared.projitems*{dcc2eff6-5b3b-4dd9-bd35-de8e48a5ee25}*SharedItemsImports = 4
		UNO_Sample\UNO_Sample.Shared\UNO_Sample.Shared.projitems*{fac2fac5-9a82-47fd-923e-cc62dfa9fe2c}*SharedItemsImports = 5
	EndGlobalSection
	GlobalSection(SolutionConfigurationPlatforms) = preSolution
		Ad-Hoc|Any CPU = Ad-Hoc|Any CPU
		Ad-Hoc|ARM = Ad-Hoc|ARM
		Ad-Hoc|ARM64 = Ad-Hoc|ARM64
		Ad-Hoc|iPhone = Ad-Hoc|iPhone
		Ad-Hoc|iPhoneSimulator = Ad-Hoc|iPhoneSimulator
		Ad-Hoc|x64 = Ad-Hoc|x64
		Ad-Hoc|x86 = Ad-Hoc|x86
		AppStore|Any CPU = AppStore|Any CPU
		AppStore|ARM = AppStore|ARM
		AppStore|ARM64 = AppStore|ARM64
		AppStore|iPhone = AppStore|iPhone
		AppStore|iPhoneSimulator = AppStore|iPhoneSimulator
		AppStore|x64 = AppStore|x64
		AppStore|x86 = AppStore|x86
		Debug|Any CPU = Debug|Any CPU
		Debug|ARM = Debug|ARM
		Debug|ARM64 = Debug|ARM64
		Debug|iPhone = Debug|iPhone
		Debug|iPhoneSimulator = Debug|iPhoneSimulator
		Debug|x64 = Debug|x64
		Debug|x86 = Debug|x86
		Release|Any CPU = Release|Any CPU
		Release|ARM = Release|ARM
		Release|ARM64 = Release|ARM64
		Release|iPhone = Release|iPhone
		Release|iPhoneSimulator = Release|iPhoneSimulator
		Release|x64 = Release|x64
		Release|x86 = Release|x86
	EndGlobalSection
	GlobalSection(ProjectConfigurationPlatforms) = postSolution
		{134493BF-A65B-410D-A38B-FE1A94DBBE8A}.Ad-Hoc|Any CPU.ActiveCfg = Release|Any CPU
		{134493BF-A65B-410D-A38B-FE1A94DBBE8A}.Ad-Hoc|Any CPU.Build.0 = Release|Any CPU
		{134493BF-A65B-410D-A38B-FE1A94DBBE8A}.Ad-Hoc|Any CPU.Deploy.0 = Release|Any CPU
		{134493BF-A65B-410D-A38B-FE1A94DBBE8A}.Ad-Hoc|ARM.ActiveCfg = Release|Any CPU
		{134493BF-A65B-410D-A38B-FE1A94DBBE8A}.Ad-Hoc|ARM.Build.0 = Release|Any CPU
		{134493BF-A65B-410D-A38B-FE1A94DBBE8A}.Ad-Hoc|ARM.Deploy.0 = Release|Any CPU
		{134493BF-A65B-410D-A38B-FE1A94DBBE8A}.Ad-Hoc|ARM64.ActiveCfg = Release|Any CPU
		{134493BF-A65B-410D-A38B-FE1A94DBBE8A}.Ad-Hoc|ARM64.Build.0 = Release|Any CPU
		{134493BF-A65B-410D-A38B-FE1A94DBBE8A}.Ad-Hoc|ARM64.Deploy.0 = Release|Any CPU
		{134493BF-A65B-410D-A38B-FE1A94DBBE8A}.Ad-Hoc|iPhone.ActiveCfg = Release|Any CPU
		{134493BF-A65B-410D-A38B-FE1A94DBBE8A}.Ad-Hoc|iPhone.Build.0 = Release|Any CPU
		{134493BF-A65B-410D-A38B-FE1A94DBBE8A}.Ad-Hoc|iPhone.Deploy.0 = Release|Any CPU
		{134493BF-A65B-410D-A38B-FE1A94DBBE8A}.Ad-Hoc|iPhoneSimulator.ActiveCfg = Release|Any CPU
		{134493BF-A65B-410D-A38B-FE1A94DBBE8A}.Ad-Hoc|iPhoneSimulator.Build.0 = Release|Any CPU
		{134493BF-A65B-410D-A38B-FE1A94DBBE8A}.Ad-Hoc|iPhoneSimulator.Deploy.0 = Release|Any CPU
		{134493BF-A65B-410D-A38B-FE1A94DBBE8A}.Ad-Hoc|x64.ActiveCfg = Release|Any CPU
		{134493BF-A65B-410D-A38B-FE1A94DBBE8A}.Ad-Hoc|x64.Build.0 = Release|Any CPU
		{134493BF-A65B-410D-A38B-FE1A94DBBE8A}.Ad-Hoc|x64.Deploy.0 = Release|Any CPU
		{134493BF-A65B-410D-A38B-FE1A94DBBE8A}.Ad-Hoc|x86.ActiveCfg = Release|Any CPU
		{134493BF-A65B-410D-A38B-FE1A94DBBE8A}.Ad-Hoc|x86.Build.0 = Release|Any CPU
		{134493BF-A65B-410D-A38B-FE1A94DBBE8A}.Ad-Hoc|x86.Deploy.0 = Release|Any CPU
		{134493BF-A65B-410D-A38B-FE1A94DBBE8A}.AppStore|Any CPU.ActiveCfg = Release|Any CPU
		{134493BF-A65B-410D-A38B-FE1A94DBBE8A}.AppStore|Any CPU.Build.0 = Release|Any CPU
		{134493BF-A65B-410D-A38B-FE1A94DBBE8A}.AppStore|Any CPU.Deploy.0 = Release|Any CPU
		{134493BF-A65B-410D-A38B-FE1A94DBBE8A}.AppStore|ARM.ActiveCfg = Release|Any CPU
		{134493BF-A65B-410D-A38B-FE1A94DBBE8A}.AppStore|ARM.Build.0 = Release|Any CPU
		{134493BF-A65B-410D-A38B-FE1A94DBBE8A}.AppStore|ARM.Deploy.0 = Release|Any CPU
		{134493BF-A65B-410D-A38B-FE1A94DBBE8A}.AppStore|ARM64.ActiveCfg = Release|Any CPU
		{134493BF-A65B-410D-A38B-FE1A94DBBE8A}.AppStore|ARM64.Build.0 = Release|Any CPU
		{134493BF-A65B-410D-A38B-FE1A94DBBE8A}.AppStore|ARM64.Deploy.0 = Release|Any CPU
		{134493BF-A65B-410D-A38B-FE1A94DBBE8A}.AppStore|iPhone.ActiveCfg = Release|Any CPU
		{134493BF-A65B-410D-A38B-FE1A94DBBE8A}.AppStore|iPhone.Build.0 = Release|Any CPU
		{134493BF-A65B-410D-A38B-FE1A94DBBE8A}.AppStore|iPhone.Deploy.0 = Release|Any CPU
		{134493BF-A65B-410D-A38B-FE1A94DBBE8A}.AppStore|iPhoneSimulator.ActiveCfg = Release|Any CPU
		{134493BF-A65B-410D-A38B-FE1A94DBBE8A}.AppStore|iPhoneSimulator.Build.0 = Release|Any CPU
		{134493BF-A65B-410D-A38B-FE1A94DBBE8A}.AppStore|iPhoneSimulator.Deploy.0 = Release|Any CPU
		{134493BF-A65B-410D-A38B-FE1A94DBBE8A}.AppStore|x64.ActiveCfg = Release|Any CPU
		{134493BF-A65B-410D-A38B-FE1A94DBBE8A}.AppStore|x64.Build.0 = Release|Any CPU
		{134493BF-A65B-410D-A38B-FE1A94DBBE8A}.AppStore|x64.Deploy.0 = Release|Any CPU
		{134493BF-A65B-410D-A38B-FE1A94DBBE8A}.AppStore|x86.ActiveCfg = Release|Any CPU
		{134493BF-A65B-410D-A38B-FE1A94DBBE8A}.AppStore|x86.Build.0 = Release|Any CPU
		{134493BF-A65B-410D-A38B-FE1A94DBBE8A}.AppStore|x86.Deploy.0 = Release|Any CPU
		{134493BF-A65B-410D-A38B-FE1A94DBBE8A}.Debug|Any CPU.ActiveCfg = Debug|Any CPU
		{134493BF-A65B-410D-A38B-FE1A94DBBE8A}.Debug|Any CPU.Build.0 = Debug|Any CPU
		{134493BF-A65B-410D-A38B-FE1A94DBBE8A}.Debug|Any CPU.Deploy.0 = Debug|Any CPU
		{134493BF-A65B-410D-A38B-FE1A94DBBE8A}.Debug|ARM.ActiveCfg = Debug|Any CPU
		{134493BF-A65B-410D-A38B-FE1A94DBBE8A}.Debug|ARM.Build.0 = Debug|Any CPU
		{134493BF-A65B-410D-A38B-FE1A94DBBE8A}.Debug|ARM.Deploy.0 = Debug|Any CPU
		{134493BF-A65B-410D-A38B-FE1A94DBBE8A}.Debug|ARM64.ActiveCfg = Debug|Any CPU
		{134493BF-A65B-410D-A38B-FE1A94DBBE8A}.Debug|ARM64.Build.0 = Debug|Any CPU
		{134493BF-A65B-410D-A38B-FE1A94DBBE8A}.Debug|ARM64.Deploy.0 = Debug|Any CPU
		{134493BF-A65B-410D-A38B-FE1A94DBBE8A}.Debug|iPhone.ActiveCfg = Debug|Any CPU
		{134493BF-A65B-410D-A38B-FE1A94DBBE8A}.Debug|iPhone.Build.0 = Debug|Any CPU
		{134493BF-A65B-410D-A38B-FE1A94DBBE8A}.Debug|iPhone.Deploy.0 = Debug|Any CPU
		{134493BF-A65B-410D-A38B-FE1A94DBBE8A}.Debug|iPhoneSimulator.ActiveCfg = Debug|Any CPU
		{134493BF-A65B-410D-A38B-FE1A94DBBE8A}.Debug|iPhoneSimulator.Build.0 = Debug|Any CPU
		{134493BF-A65B-410D-A38B-FE1A94DBBE8A}.Debug|iPhoneSimulator.Deploy.0 = Debug|Any CPU
		{134493BF-A65B-410D-A38B-FE1A94DBBE8A}.Debug|x64.ActiveCfg = Debug|Any CPU
		{134493BF-A65B-410D-A38B-FE1A94DBBE8A}.Debug|x64.Build.0 = Debug|Any CPU
		{134493BF-A65B-410D-A38B-FE1A94DBBE8A}.Debug|x64.Deploy.0 = Debug|Any CPU
		{134493BF-A65B-410D-A38B-FE1A94DBBE8A}.Debug|x86.ActiveCfg = Debug|Any CPU
		{134493BF-A65B-410D-A38B-FE1A94DBBE8A}.Debug|x86.Build.0 = Debug|Any CPU
		{134493BF-A65B-410D-A38B-FE1A94DBBE8A}.Debug|x86.Deploy.0 = Debug|Any CPU
		{134493BF-A65B-410D-A38B-FE1A94DBBE8A}.Release|Any CPU.ActiveCfg = Release|Any CPU
		{134493BF-A65B-410D-A38B-FE1A94DBBE8A}.Release|Any CPU.Build.0 = Release|Any CPU
		{134493BF-A65B-410D-A38B-FE1A94DBBE8A}.Release|Any CPU.Deploy.0 = Release|Any CPU
		{134493BF-A65B-410D-A38B-FE1A94DBBE8A}.Release|ARM.ActiveCfg = Release|Any CPU
		{134493BF-A65B-410D-A38B-FE1A94DBBE8A}.Release|ARM.Build.0 = Release|Any CPU
		{134493BF-A65B-410D-A38B-FE1A94DBBE8A}.Release|ARM.Deploy.0 = Release|Any CPU
		{134493BF-A65B-410D-A38B-FE1A94DBBE8A}.Release|ARM64.ActiveCfg = Release|Any CPU
		{134493BF-A65B-410D-A38B-FE1A94DBBE8A}.Release|ARM64.Build.0 = Release|Any CPU
		{134493BF-A65B-410D-A38B-FE1A94DBBE8A}.Release|ARM64.Deploy.0 = Release|Any CPU
		{134493BF-A65B-410D-A38B-FE1A94DBBE8A}.Release|iPhone.ActiveCfg = Release|Any CPU
		{134493BF-A65B-410D-A38B-FE1A94DBBE8A}.Release|iPhone.Build.0 = Release|Any CPU
		{134493BF-A65B-410D-A38B-FE1A94DBBE8A}.Release|iPhone.Deploy.0 = Release|Any CPU
		{134493BF-A65B-410D-A38B-FE1A94DBBE8A}.Release|iPhoneSimulator.ActiveCfg = Release|Any CPU
		{134493BF-A65B-410D-A38B-FE1A94DBBE8A}.Release|iPhoneSimulator.Build.0 = Release|Any CPU
		{134493BF-A65B-410D-A38B-FE1A94DBBE8A}.Release|iPhoneSimulator.Deploy.0 = Release|Any CPU
		{134493BF-A65B-410D-A38B-FE1A94DBBE8A}.Release|x64.ActiveCfg = Release|Any CPU
		{134493BF-A65B-410D-A38B-FE1A94DBBE8A}.Release|x64.Build.0 = Release|Any CPU
		{134493BF-A65B-410D-A38B-FE1A94DBBE8A}.Release|x64.Deploy.0 = Release|Any CPU
		{134493BF-A65B-410D-A38B-FE1A94DBBE8A}.Release|x86.ActiveCfg = Release|Any CPU
		{134493BF-A65B-410D-A38B-FE1A94DBBE8A}.Release|x86.Build.0 = Release|Any CPU
		{134493BF-A65B-410D-A38B-FE1A94DBBE8A}.Release|x86.Deploy.0 = Release|Any CPU
		{72C15D60-1F45-4DB0-807A-1495B79C7015}.Ad-Hoc|Any CPU.ActiveCfg = Ad-Hoc|iPhone
		{72C15D60-1F45-4DB0-807A-1495B79C7015}.Ad-Hoc|ARM.ActiveCfg = Ad-Hoc|iPhone
		{72C15D60-1F45-4DB0-807A-1495B79C7015}.Ad-Hoc|ARM64.ActiveCfg = Ad-Hoc|iPhone
		{72C15D60-1F45-4DB0-807A-1495B79C7015}.Ad-Hoc|iPhone.ActiveCfg = Ad-Hoc|iPhone
		{72C15D60-1F45-4DB0-807A-1495B79C7015}.Ad-Hoc|iPhone.Build.0 = Ad-Hoc|iPhone
		{72C15D60-1F45-4DB0-807A-1495B79C7015}.Ad-Hoc|iPhoneSimulator.ActiveCfg = Ad-Hoc|iPhoneSimulator
		{72C15D60-1F45-4DB0-807A-1495B79C7015}.Ad-Hoc|iPhoneSimulator.Build.0 = Ad-Hoc|iPhoneSimulator
		{72C15D60-1F45-4DB0-807A-1495B79C7015}.Ad-Hoc|x64.ActiveCfg = Ad-Hoc|iPhone
		{72C15D60-1F45-4DB0-807A-1495B79C7015}.Ad-Hoc|x86.ActiveCfg = Ad-Hoc|iPhone
		{72C15D60-1F45-4DB0-807A-1495B79C7015}.AppStore|Any CPU.ActiveCfg = AppStore|iPhone
		{72C15D60-1F45-4DB0-807A-1495B79C7015}.AppStore|ARM.ActiveCfg = AppStore|iPhone
		{72C15D60-1F45-4DB0-807A-1495B79C7015}.AppStore|ARM64.ActiveCfg = AppStore|iPhone
		{72C15D60-1F45-4DB0-807A-1495B79C7015}.AppStore|iPhone.ActiveCfg = AppStore|iPhone
		{72C15D60-1F45-4DB0-807A-1495B79C7015}.AppStore|iPhone.Build.0 = AppStore|iPhone
		{72C15D60-1F45-4DB0-807A-1495B79C7015}.AppStore|iPhoneSimulator.ActiveCfg = AppStore|iPhoneSimulator
		{72C15D60-1F45-4DB0-807A-1495B79C7015}.AppStore|iPhoneSimulator.Build.0 = AppStore|iPhoneSimulator
		{72C15D60-1F45-4DB0-807A-1495B79C7015}.AppStore|x64.ActiveCfg = AppStore|iPhone
		{72C15D60-1F45-4DB0-807A-1495B79C7015}.AppStore|x86.ActiveCfg = AppStore|iPhone
		{72C15D60-1F45-4DB0-807A-1495B79C7015}.Debug|Any CPU.ActiveCfg = Debug|iPhone
		{72C15D60-1F45-4DB0-807A-1495B79C7015}.Debug|ARM.ActiveCfg = Debug|iPhone
		{72C15D60-1F45-4DB0-807A-1495B79C7015}.Debug|ARM64.ActiveCfg = Debug|iPhone
		{72C15D60-1F45-4DB0-807A-1495B79C7015}.Debug|iPhone.ActiveCfg = Debug|iPhone
		{72C15D60-1F45-4DB0-807A-1495B79C7015}.Debug|iPhone.Build.0 = Debug|iPhone
		{72C15D60-1F45-4DB0-807A-1495B79C7015}.Debug|iPhoneSimulator.ActiveCfg = Debug|iPhoneSimulator
		{72C15D60-1F45-4DB0-807A-1495B79C7015}.Debug|iPhoneSimulator.Build.0 = Debug|iPhoneSimulator
		{72C15D60-1F45-4DB0-807A-1495B79C7015}.Debug|x64.ActiveCfg = Debug|iPhone
		{72C15D60-1F45-4DB0-807A-1495B79C7015}.Debug|x86.ActiveCfg = Debug|iPhone
		{72C15D60-1F45-4DB0-807A-1495B79C7015}.Release|Any CPU.ActiveCfg = Release|iPhone
		{72C15D60-1F45-4DB0-807A-1495B79C7015}.Release|ARM.ActiveCfg = Release|iPhone
		{72C15D60-1F45-4DB0-807A-1495B79C7015}.Release|ARM64.ActiveCfg = Release|iPhone
		{72C15D60-1F45-4DB0-807A-1495B79C7015}.Release|iPhone.ActiveCfg = Release|iPhone
		{72C15D60-1F45-4DB0-807A-1495B79C7015}.Release|iPhone.Build.0 = Release|iPhone
		{72C15D60-1F45-4DB0-807A-1495B79C7015}.Release|iPhoneSimulator.ActiveCfg = Release|iPhoneSimulator
		{72C15D60-1F45-4DB0-807A-1495B79C7015}.Release|iPhoneSimulator.Build.0 = Release|iPhoneSimulator
		{72C15D60-1F45-4DB0-807A-1495B79C7015}.Release|x64.ActiveCfg = Release|iPhone
		{72C15D60-1F45-4DB0-807A-1495B79C7015}.Release|x86.ActiveCfg = Release|iPhone
		{82388DFC-AA0C-4F65-8218-D8A493F1A9CB}.Ad-Hoc|Any CPU.ActiveCfg = Release|x64
		{82388DFC-AA0C-4F65-8218-D8A493F1A9CB}.Ad-Hoc|Any CPU.Build.0 = Release|x64
		{82388DFC-AA0C-4F65-8218-D8A493F1A9CB}.Ad-Hoc|Any CPU.Deploy.0 = Release|x64
		{82388DFC-AA0C-4F65-8218-D8A493F1A9CB}.Ad-Hoc|ARM.ActiveCfg = Release|ARM
		{82388DFC-AA0C-4F65-8218-D8A493F1A9CB}.Ad-Hoc|ARM.Build.0 = Release|ARM
		{82388DFC-AA0C-4F65-8218-D8A493F1A9CB}.Ad-Hoc|ARM.Deploy.0 = Release|ARM
		{82388DFC-AA0C-4F65-8218-D8A493F1A9CB}.Ad-Hoc|ARM64.ActiveCfg = Release|ARM64
		{82388DFC-AA0C-4F65-8218-D8A493F1A9CB}.Ad-Hoc|ARM64.Build.0 = Release|ARM64
		{82388DFC-AA0C-4F65-8218-D8A493F1A9CB}.Ad-Hoc|ARM64.Deploy.0 = Release|ARM64
		{82388DFC-AA0C-4F65-8218-D8A493F1A9CB}.Ad-Hoc|iPhone.ActiveCfg = Release|x64
		{82388DFC-AA0C-4F65-8218-D8A493F1A9CB}.Ad-Hoc|iPhone.Build.0 = Release|x64
		{82388DFC-AA0C-4F65-8218-D8A493F1A9CB}.Ad-Hoc|iPhone.Deploy.0 = Release|x64
		{82388DFC-AA0C-4F65-8218-D8A493F1A9CB}.Ad-Hoc|iPhoneSimulator.ActiveCfg = Release|x64
		{82388DFC-AA0C-4F65-8218-D8A493F1A9CB}.Ad-Hoc|iPhoneSimulator.Build.0 = Release|x64
		{82388DFC-AA0C-4F65-8218-D8A493F1A9CB}.Ad-Hoc|iPhoneSimulator.Deploy.0 = Release|x64
		{82388DFC-AA0C-4F65-8218-D8A493F1A9CB}.Ad-Hoc|x64.ActiveCfg = Release|x64
		{82388DFC-AA0C-4F65-8218-D8A493F1A9CB}.Ad-Hoc|x64.Build.0 = Release|x64
		{82388DFC-AA0C-4F65-8218-D8A493F1A9CB}.Ad-Hoc|x64.Deploy.0 = Release|x64
		{82388DFC-AA0C-4F65-8218-D8A493F1A9CB}.Ad-Hoc|x86.ActiveCfg = Release|x86
		{82388DFC-AA0C-4F65-8218-D8A493F1A9CB}.Ad-Hoc|x86.Build.0 = Release|x86
		{82388DFC-AA0C-4F65-8218-D8A493F1A9CB}.Ad-Hoc|x86.Deploy.0 = Release|x86
		{82388DFC-AA0C-4F65-8218-D8A493F1A9CB}.AppStore|Any CPU.ActiveCfg = Release|x64
		{82388DFC-AA0C-4F65-8218-D8A493F1A9CB}.AppStore|Any CPU.Build.0 = Release|x64
		{82388DFC-AA0C-4F65-8218-D8A493F1A9CB}.AppStore|Any CPU.Deploy.0 = Release|x64
		{82388DFC-AA0C-4F65-8218-D8A493F1A9CB}.AppStore|ARM.ActiveCfg = Release|ARM
		{82388DFC-AA0C-4F65-8218-D8A493F1A9CB}.AppStore|ARM.Build.0 = Release|ARM
		{82388DFC-AA0C-4F65-8218-D8A493F1A9CB}.AppStore|ARM.Deploy.0 = Release|ARM
		{82388DFC-AA0C-4F65-8218-D8A493F1A9CB}.AppStore|ARM64.ActiveCfg = Release|ARM64
		{82388DFC-AA0C-4F65-8218-D8A493F1A9CB}.AppStore|ARM64.Build.0 = Release|ARM64
		{82388DFC-AA0C-4F65-8218-D8A493F1A9CB}.AppStore|ARM64.Deploy.0 = Release|ARM64
		{82388DFC-AA0C-4F65-8218-D8A493F1A9CB}.AppStore|iPhone.ActiveCfg = Release|x64
		{82388DFC-AA0C-4F65-8218-D8A493F1A9CB}.AppStore|iPhone.Build.0 = Release|x64
		{82388DFC-AA0C-4F65-8218-D8A493F1A9CB}.AppStore|iPhone.Deploy.0 = Release|x64
		{82388DFC-AA0C-4F65-8218-D8A493F1A9CB}.AppStore|iPhoneSimulator.ActiveCfg = Release|x64
		{82388DFC-AA0C-4F65-8218-D8A493F1A9CB}.AppStore|iPhoneSimulator.Build.0 = Release|x64
		{82388DFC-AA0C-4F65-8218-D8A493F1A9CB}.AppStore|iPhoneSimulator.Deploy.0 = Release|x64
		{82388DFC-AA0C-4F65-8218-D8A493F1A9CB}.AppStore|x64.ActiveCfg = Release|x64
		{82388DFC-AA0C-4F65-8218-D8A493F1A9CB}.AppStore|x64.Build.0 = Release|x64
		{82388DFC-AA0C-4F65-8218-D8A493F1A9CB}.AppStore|x64.Deploy.0 = Release|x64
		{82388DFC-AA0C-4F65-8218-D8A493F1A9CB}.AppStore|x86.ActiveCfg = Release|x86
		{82388DFC-AA0C-4F65-8218-D8A493F1A9CB}.AppStore|x86.Build.0 = Release|x86
		{82388DFC-AA0C-4F65-8218-D8A493F1A9CB}.AppStore|x86.Deploy.0 = Release|x86
		{82388DFC-AA0C-4F65-8218-D8A493F1A9CB}.Debug|Any CPU.ActiveCfg = Debug|x86
		{82388DFC-AA0C-4F65-8218-D8A493F1A9CB}.Debug|ARM.ActiveCfg = Debug|ARM
		{82388DFC-AA0C-4F65-8218-D8A493F1A9CB}.Debug|ARM.Build.0 = Debug|ARM
		{82388DFC-AA0C-4F65-8218-D8A493F1A9CB}.Debug|ARM.Deploy.0 = Debug|ARM
		{82388DFC-AA0C-4F65-8218-D8A493F1A9CB}.Debug|ARM64.ActiveCfg = Debug|ARM64
		{82388DFC-AA0C-4F65-8218-D8A493F1A9CB}.Debug|ARM64.Build.0 = Debug|ARM64
		{82388DFC-AA0C-4F65-8218-D8A493F1A9CB}.Debug|ARM64.Deploy.0 = Debug|ARM64
		{82388DFC-AA0C-4F65-8218-D8A493F1A9CB}.Debug|iPhone.ActiveCfg = Debug|x86
		{82388DFC-AA0C-4F65-8218-D8A493F1A9CB}.Debug|iPhoneSimulator.ActiveCfg = Debug|x86
		{82388DFC-AA0C-4F65-8218-D8A493F1A9CB}.Debug|x64.ActiveCfg = Debug|x64
		{82388DFC-AA0C-4F65-8218-D8A493F1A9CB}.Debug|x64.Build.0 = Debug|x64
		{82388DFC-AA0C-4F65-8218-D8A493F1A9CB}.Debug|x64.Deploy.0 = Debug|x64
		{82388DFC-AA0C-4F65-8218-D8A493F1A9CB}.Debug|x86.ActiveCfg = Debug|x86
		{82388DFC-AA0C-4F65-8218-D8A493F1A9CB}.Debug|x86.Build.0 = Debug|x86
		{82388DFC-AA0C-4F65-8218-D8A493F1A9CB}.Debug|x86.Deploy.0 = Debug|x86
		{82388DFC-AA0C-4F65-8218-D8A493F1A9CB}.Release|Any CPU.ActiveCfg = Release|x86
		{82388DFC-AA0C-4F65-8218-D8A493F1A9CB}.Release|ARM.ActiveCfg = Release|ARM
		{82388DFC-AA0C-4F65-8218-D8A493F1A9CB}.Release|ARM.Build.0 = Release|ARM
		{82388DFC-AA0C-4F65-8218-D8A493F1A9CB}.Release|ARM.Deploy.0 = Release|ARM
		{82388DFC-AA0C-4F65-8218-D8A493F1A9CB}.Release|ARM64.ActiveCfg = Release|ARM64
		{82388DFC-AA0C-4F65-8218-D8A493F1A9CB}.Release|ARM64.Build.0 = Release|ARM64
		{82388DFC-AA0C-4F65-8218-D8A493F1A9CB}.Release|ARM64.Deploy.0 = Release|ARM64
		{82388DFC-AA0C-4F65-8218-D8A493F1A9CB}.Release|iPhone.ActiveCfg = Release|x86
		{82388DFC-AA0C-4F65-8218-D8A493F1A9CB}.Release|iPhoneSimulator.ActiveCfg = Release|x86
		{82388DFC-AA0C-4F65-8218-D8A493F1A9CB}.Release|x64.ActiveCfg = Release|x64
		{82388DFC-AA0C-4F65-8218-D8A493F1A9CB}.Release|x64.Build.0 = Release|x64
		{82388DFC-AA0C-4F65-8218-D8A493F1A9CB}.Release|x64.Deploy.0 = Release|x64
		{82388DFC-AA0C-4F65-8218-D8A493F1A9CB}.Release|x86.ActiveCfg = Release|x86
		{82388DFC-AA0C-4F65-8218-D8A493F1A9CB}.Release|x86.Build.0 = Release|x86
		{82388DFC-AA0C-4F65-8218-D8A493F1A9CB}.Release|x86.Deploy.0 = Release|x86
		{FAC2FAC5-9A82-47FD-923E-CC62DFA9FE2C}.Ad-Hoc|Any CPU.ActiveCfg = Debug|Any CPU
		{FAC2FAC5-9A82-47FD-923E-CC62DFA9FE2C}.Ad-Hoc|Any CPU.Build.0 = Debug|Any CPU
		{FAC2FAC5-9A82-47FD-923E-CC62DFA9FE2C}.Ad-Hoc|ARM.ActiveCfg = Debug|Any CPU
		{FAC2FAC5-9A82-47FD-923E-CC62DFA9FE2C}.Ad-Hoc|ARM.Build.0 = Debug|Any CPU
		{FAC2FAC5-9A82-47FD-923E-CC62DFA9FE2C}.Ad-Hoc|ARM64.ActiveCfg = Debug|Any CPU
		{FAC2FAC5-9A82-47FD-923E-CC62DFA9FE2C}.Ad-Hoc|ARM64.Build.0 = Debug|Any CPU
		{FAC2FAC5-9A82-47FD-923E-CC62DFA9FE2C}.Ad-Hoc|iPhone.ActiveCfg = Debug|Any CPU
		{FAC2FAC5-9A82-47FD-923E-CC62DFA9FE2C}.Ad-Hoc|iPhone.Build.0 = Debug|Any CPU
		{FAC2FAC5-9A82-47FD-923E-CC62DFA9FE2C}.Ad-Hoc|iPhoneSimulator.ActiveCfg = Debug|Any CPU
		{FAC2FAC5-9A82-47FD-923E-CC62DFA9FE2C}.Ad-Hoc|iPhoneSimulator.Build.0 = Debug|Any CPU
		{FAC2FAC5-9A82-47FD-923E-CC62DFA9FE2C}.Ad-Hoc|x64.ActiveCfg = Debug|Any CPU
		{FAC2FAC5-9A82-47FD-923E-CC62DFA9FE2C}.Ad-Hoc|x64.Build.0 = Debug|Any CPU
		{FAC2FAC5-9A82-47FD-923E-CC62DFA9FE2C}.Ad-Hoc|x86.ActiveCfg = Debug|Any CPU
		{FAC2FAC5-9A82-47FD-923E-CC62DFA9FE2C}.Ad-Hoc|x86.Build.0 = Debug|Any CPU
		{FAC2FAC5-9A82-47FD-923E-CC62DFA9FE2C}.AppStore|Any CPU.ActiveCfg = Debug|Any CPU
		{FAC2FAC5-9A82-47FD-923E-CC62DFA9FE2C}.AppStore|Any CPU.Build.0 = Debug|Any CPU
		{FAC2FAC5-9A82-47FD-923E-CC62DFA9FE2C}.AppStore|ARM.ActiveCfg = Debug|Any CPU
		{FAC2FAC5-9A82-47FD-923E-CC62DFA9FE2C}.AppStore|ARM.Build.0 = Debug|Any CPU
		{FAC2FAC5-9A82-47FD-923E-CC62DFA9FE2C}.AppStore|ARM64.ActiveCfg = Debug|Any CPU
		{FAC2FAC5-9A82-47FD-923E-CC62DFA9FE2C}.AppStore|ARM64.Build.0 = Debug|Any CPU
		{FAC2FAC5-9A82-47FD-923E-CC62DFA9FE2C}.AppStore|iPhone.ActiveCfg = Debug|Any CPU
		{FAC2FAC5-9A82-47FD-923E-CC62DFA9FE2C}.AppStore|iPhone.Build.0 = Debug|Any CPU
		{FAC2FAC5-9A82-47FD-923E-CC62DFA9FE2C}.AppStore|iPhoneSimulator.ActiveCfg = Debug|Any CPU
		{FAC2FAC5-9A82-47FD-923E-CC62DFA9FE2C}.AppStore|iPhoneSimulator.Build.0 = Debug|Any CPU
		{FAC2FAC5-9A82-47FD-923E-CC62DFA9FE2C}.AppStore|x64.ActiveCfg = Debug|Any CPU
		{FAC2FAC5-9A82-47FD-923E-CC62DFA9FE2C}.AppStore|x64.Build.0 = Debug|Any CPU
		{FAC2FAC5-9A82-47FD-923E-CC62DFA9FE2C}.AppStore|x86.ActiveCfg = Debug|Any CPU
		{FAC2FAC5-9A82-47FD-923E-CC62DFA9FE2C}.AppStore|x86.Build.0 = Debug|Any CPU
		{FAC2FAC5-9A82-47FD-923E-CC62DFA9FE2C}.Debug|Any CPU.ActiveCfg = Debug|Any CPU
		{FAC2FAC5-9A82-47FD-923E-CC62DFA9FE2C}.Debug|Any CPU.Build.0 = Debug|Any CPU
		{FAC2FAC5-9A82-47FD-923E-CC62DFA9FE2C}.Debug|ARM.ActiveCfg = Debug|Any CPU
		{FAC2FAC5-9A82-47FD-923E-CC62DFA9FE2C}.Debug|ARM.Build.0 = Debug|Any CPU
		{FAC2FAC5-9A82-47FD-923E-CC62DFA9FE2C}.Debug|ARM64.ActiveCfg = Debug|Any CPU
		{FAC2FAC5-9A82-47FD-923E-CC62DFA9FE2C}.Debug|ARM64.Build.0 = Debug|Any CPU
		{FAC2FAC5-9A82-47FD-923E-CC62DFA9FE2C}.Debug|iPhone.ActiveCfg = Debug|Any CPU
		{FAC2FAC5-9A82-47FD-923E-CC62DFA9FE2C}.Debug|iPhone.Build.0 = Debug|Any CPU
		{FAC2FAC5-9A82-47FD-923E-CC62DFA9FE2C}.Debug|iPhoneSimulator.ActiveCfg = Debug|Any CPU
		{FAC2FAC5-9A82-47FD-923E-CC62DFA9FE2C}.Debug|iPhoneSimulator.Build.0 = Debug|Any CPU
		{FAC2FAC5-9A82-47FD-923E-CC62DFA9FE2C}.Debug|x64.ActiveCfg = Debug|Any CPU
		{FAC2FAC5-9A82-47FD-923E-CC62DFA9FE2C}.Debug|x64.Build.0 = Debug|Any CPU
		{FAC2FAC5-9A82-47FD-923E-CC62DFA9FE2C}.Debug|x86.ActiveCfg = Debug|Any CPU
		{FAC2FAC5-9A82-47FD-923E-CC62DFA9FE2C}.Debug|x86.Build.0 = Debug|Any CPU
		{FAC2FAC5-9A82-47FD-923E-CC62DFA9FE2C}.Release|Any CPU.ActiveCfg = Release|Any CPU
		{FAC2FAC5-9A82-47FD-923E-CC62DFA9FE2C}.Release|Any CPU.Build.0 = Release|Any CPU
		{FAC2FAC5-9A82-47FD-923E-CC62DFA9FE2C}.Release|ARM.ActiveCfg = Release|Any CPU
		{FAC2FAC5-9A82-47FD-923E-CC62DFA9FE2C}.Release|ARM.Build.0 = Release|Any CPU
		{FAC2FAC5-9A82-47FD-923E-CC62DFA9FE2C}.Release|ARM64.ActiveCfg = Release|Any CPU
		{FAC2FAC5-9A82-47FD-923E-CC62DFA9FE2C}.Release|ARM64.Build.0 = Release|Any CPU
		{FAC2FAC5-9A82-47FD-923E-CC62DFA9FE2C}.Release|iPhone.ActiveCfg = Release|Any CPU
		{FAC2FAC5-9A82-47FD-923E-CC62DFA9FE2C}.Release|iPhone.Build.0 = Release|Any CPU
		{FAC2FAC5-9A82-47FD-923E-CC62DFA9FE2C}.Release|iPhoneSimulator.ActiveCfg = Release|Any CPU
		{FAC2FAC5-9A82-47FD-923E-CC62DFA9FE2C}.Release|iPhoneSimulator.Build.0 = Release|Any CPU
		{FAC2FAC5-9A82-47FD-923E-CC62DFA9FE2C}.Release|x64.ActiveCfg = Release|Any CPU
		{FAC2FAC5-9A82-47FD-923E-CC62DFA9FE2C}.Release|x64.Build.0 = Release|Any CPU
		{FAC2FAC5-9A82-47FD-923E-CC62DFA9FE2C}.Release|x86.ActiveCfg = Release|Any CPU
		{FAC2FAC5-9A82-47FD-923E-CC62DFA9FE2C}.Release|x86.Build.0 = Release|Any CPU
		{DCC2EFF6-5B3B-4DD9-BD35-DE8E48A5EE25}.Ad-Hoc|Any CPU.ActiveCfg = Release|iPhoneSimulator
		{DCC2EFF6-5B3B-4DD9-BD35-DE8E48A5EE25}.Ad-Hoc|Any CPU.Build.0 = Release|iPhoneSimulator
		{DCC2EFF6-5B3B-4DD9-BD35-DE8E48A5EE25}.Ad-Hoc|ARM.ActiveCfg = Release|iPhoneSimulator
		{DCC2EFF6-5B3B-4DD9-BD35-DE8E48A5EE25}.Ad-Hoc|ARM.Build.0 = Release|iPhoneSimulator
		{DCC2EFF6-5B3B-4DD9-BD35-DE8E48A5EE25}.Ad-Hoc|ARM64.ActiveCfg = Release|iPhoneSimulator
		{DCC2EFF6-5B3B-4DD9-BD35-DE8E48A5EE25}.Ad-Hoc|ARM64.Build.0 = Release|iPhoneSimulator
		{DCC2EFF6-5B3B-4DD9-BD35-DE8E48A5EE25}.Ad-Hoc|iPhone.ActiveCfg = Release|iPhoneSimulator
		{DCC2EFF6-5B3B-4DD9-BD35-DE8E48A5EE25}.Ad-Hoc|iPhone.Build.0 = Release|iPhoneSimulator
		{DCC2EFF6-5B3B-4DD9-BD35-DE8E48A5EE25}.Ad-Hoc|iPhoneSimulator.ActiveCfg = Release|iPhoneSimulator
		{DCC2EFF6-5B3B-4DD9-BD35-DE8E48A5EE25}.Ad-Hoc|iPhoneSimulator.Build.0 = Release|iPhoneSimulator
		{DCC2EFF6-5B3B-4DD9-BD35-DE8E48A5EE25}.Ad-Hoc|x64.ActiveCfg = Release|iPhoneSimulator
		{DCC2EFF6-5B3B-4DD9-BD35-DE8E48A5EE25}.Ad-Hoc|x64.Build.0 = Release|iPhoneSimulator
		{DCC2EFF6-5B3B-4DD9-BD35-DE8E48A5EE25}.Ad-Hoc|x86.ActiveCfg = Release|iPhoneSimulator
		{DCC2EFF6-5B3B-4DD9-BD35-DE8E48A5EE25}.Ad-Hoc|x86.Build.0 = Release|iPhoneSimulator
		{DCC2EFF6-5B3B-4DD9-BD35-DE8E48A5EE25}.AppStore|Any CPU.ActiveCfg = Release|iPhoneSimulator
		{DCC2EFF6-5B3B-4DD9-BD35-DE8E48A5EE25}.AppStore|Any CPU.Build.0 = Release|iPhoneSimulator
		{DCC2EFF6-5B3B-4DD9-BD35-DE8E48A5EE25}.AppStore|ARM.ActiveCfg = Release|iPhoneSimulator
		{DCC2EFF6-5B3B-4DD9-BD35-DE8E48A5EE25}.AppStore|ARM.Build.0 = Release|iPhoneSimulator
		{DCC2EFF6-5B3B-4DD9-BD35-DE8E48A5EE25}.AppStore|ARM64.ActiveCfg = Release|iPhoneSimulator
		{DCC2EFF6-5B3B-4DD9-BD35-DE8E48A5EE25}.AppStore|ARM64.Build.0 = Release|iPhoneSimulator
		{DCC2EFF6-5B3B-4DD9-BD35-DE8E48A5EE25}.AppStore|iPhone.ActiveCfg = Release|iPhoneSimulator
		{DCC2EFF6-5B3B-4DD9-BD35-DE8E48A5EE25}.AppStore|iPhone.Build.0 = Release|iPhoneSimulator
		{DCC2EFF6-5B3B-4DD9-BD35-DE8E48A5EE25}.AppStore|iPhoneSimulator.ActiveCfg = Release|iPhoneSimulator
		{DCC2EFF6-5B3B-4DD9-BD35-DE8E48A5EE25}.AppStore|iPhoneSimulator.Build.0 = Release|iPhoneSimulator
		{DCC2EFF6-5B3B-4DD9-BD35-DE8E48A5EE25}.AppStore|x64.ActiveCfg = Release|iPhoneSimulator
		{DCC2EFF6-5B3B-4DD9-BD35-DE8E48A5EE25}.AppStore|x64.Build.0 = Release|iPhoneSimulator
		{DCC2EFF6-5B3B-4DD9-BD35-DE8E48A5EE25}.AppStore|x86.ActiveCfg = Release|iPhoneSimulator
		{DCC2EFF6-5B3B-4DD9-BD35-DE8E48A5EE25}.AppStore|x86.Build.0 = Release|iPhoneSimulator
		{DCC2EFF6-5B3B-4DD9-BD35-DE8E48A5EE25}.Debug|Any CPU.ActiveCfg = Debug|iPhoneSimulator
		{DCC2EFF6-5B3B-4DD9-BD35-DE8E48A5EE25}.Debug|ARM.ActiveCfg = Debug|iPhoneSimulator
		{DCC2EFF6-5B3B-4DD9-BD35-DE8E48A5EE25}.Debug|ARM64.ActiveCfg = Debug|iPhoneSimulator
		{DCC2EFF6-5B3B-4DD9-BD35-DE8E48A5EE25}.Debug|iPhone.ActiveCfg = Debug|iPhoneSimulator
		{DCC2EFF6-5B3B-4DD9-BD35-DE8E48A5EE25}.Debug|iPhoneSimulator.ActiveCfg = Debug|iPhoneSimulator
		{DCC2EFF6-5B3B-4DD9-BD35-DE8E48A5EE25}.Debug|iPhoneSimulator.Build.0 = Debug|iPhoneSimulator
		{DCC2EFF6-5B3B-4DD9-BD35-DE8E48A5EE25}.Debug|x64.ActiveCfg = Debug|iPhoneSimulator
		{DCC2EFF6-5B3B-4DD9-BD35-DE8E48A5EE25}.Debug|x86.ActiveCfg = Debug|iPhoneSimulator
		{DCC2EFF6-5B3B-4DD9-BD35-DE8E48A5EE25}.Release|Any CPU.ActiveCfg = Release|iPhoneSimulator
		{DCC2EFF6-5B3B-4DD9-BD35-DE8E48A5EE25}.Release|ARM.ActiveCfg = Release|iPhoneSimulator
		{DCC2EFF6-5B3B-4DD9-BD35-DE8E48A5EE25}.Release|ARM64.ActiveCfg = Release|iPhoneSimulator
		{DCC2EFF6-5B3B-4DD9-BD35-DE8E48A5EE25}.Release|iPhone.ActiveCfg = Release|iPhoneSimulator
		{DCC2EFF6-5B3B-4DD9-BD35-DE8E48A5EE25}.Release|iPhoneSimulator.ActiveCfg = Release|iPhoneSimulator
		{DCC2EFF6-5B3B-4DD9-BD35-DE8E48A5EE25}.Release|iPhoneSimulator.Build.0 = Release|iPhoneSimulator
		{DCC2EFF6-5B3B-4DD9-BD35-DE8E48A5EE25}.Release|x64.ActiveCfg = Release|iPhoneSimulator
		{DCC2EFF6-5B3B-4DD9-BD35-DE8E48A5EE25}.Release|x86.ActiveCfg = Release|iPhoneSimulator
		{8C1A7CCA-977B-4AAD-A88A-C8527E0E72ED}.Ad-Hoc|Any CPU.ActiveCfg = Debug|Any CPU
		{8C1A7CCA-977B-4AAD-A88A-C8527E0E72ED}.Ad-Hoc|Any CPU.Build.0 = Debug|Any CPU
		{8C1A7CCA-977B-4AAD-A88A-C8527E0E72ED}.Ad-Hoc|ARM.ActiveCfg = Debug|Any CPU
		{8C1A7CCA-977B-4AAD-A88A-C8527E0E72ED}.Ad-Hoc|ARM.Build.0 = Debug|Any CPU
		{8C1A7CCA-977B-4AAD-A88A-C8527E0E72ED}.Ad-Hoc|ARM64.ActiveCfg = Debug|Any CPU
		{8C1A7CCA-977B-4AAD-A88A-C8527E0E72ED}.Ad-Hoc|ARM64.Build.0 = Debug|Any CPU
		{8C1A7CCA-977B-4AAD-A88A-C8527E0E72ED}.Ad-Hoc|iPhone.ActiveCfg = Debug|Any CPU
		{8C1A7CCA-977B-4AAD-A88A-C8527E0E72ED}.Ad-Hoc|iPhone.Build.0 = Debug|Any CPU
		{8C1A7CCA-977B-4AAD-A88A-C8527E0E72ED}.Ad-Hoc|iPhoneSimulator.ActiveCfg = Debug|Any CPU
		{8C1A7CCA-977B-4AAD-A88A-C8527E0E72ED}.Ad-Hoc|iPhoneSimulator.Build.0 = Debug|Any CPU
		{8C1A7CCA-977B-4AAD-A88A-C8527E0E72ED}.Ad-Hoc|x64.ActiveCfg = Debug|Any CPU
		{8C1A7CCA-977B-4AAD-A88A-C8527E0E72ED}.Ad-Hoc|x64.Build.0 = Debug|Any CPU
		{8C1A7CCA-977B-4AAD-A88A-C8527E0E72ED}.Ad-Hoc|x86.ActiveCfg = Debug|Any CPU
		{8C1A7CCA-977B-4AAD-A88A-C8527E0E72ED}.Ad-Hoc|x86.Build.0 = Debug|Any CPU
		{8C1A7CCA-977B-4AAD-A88A-C8527E0E72ED}.AppStore|Any CPU.ActiveCfg = Debug|Any CPU
		{8C1A7CCA-977B-4AAD-A88A-C8527E0E72ED}.AppStore|Any CPU.Build.0 = Debug|Any CPU
		{8C1A7CCA-977B-4AAD-A88A-C8527E0E72ED}.AppStore|ARM.ActiveCfg = Debug|Any CPU
		{8C1A7CCA-977B-4AAD-A88A-C8527E0E72ED}.AppStore|ARM.Build.0 = Debug|Any CPU
		{8C1A7CCA-977B-4AAD-A88A-C8527E0E72ED}.AppStore|ARM64.ActiveCfg = Debug|Any CPU
		{8C1A7CCA-977B-4AAD-A88A-C8527E0E72ED}.AppStore|ARM64.Build.0 = Debug|Any CPU
		{8C1A7CCA-977B-4AAD-A88A-C8527E0E72ED}.AppStore|iPhone.ActiveCfg = Debug|Any CPU
		{8C1A7CCA-977B-4AAD-A88A-C8527E0E72ED}.AppStore|iPhone.Build.0 = Debug|Any CPU
		{8C1A7CCA-977B-4AAD-A88A-C8527E0E72ED}.AppStore|iPhoneSimulator.ActiveCfg = Debug|Any CPU
		{8C1A7CCA-977B-4AAD-A88A-C8527E0E72ED}.AppStore|iPhoneSimulator.Build.0 = Debug|Any CPU
		{8C1A7CCA-977B-4AAD-A88A-C8527E0E72ED}.AppStore|x64.ActiveCfg = Debug|Any CPU
		{8C1A7CCA-977B-4AAD-A88A-C8527E0E72ED}.AppStore|x64.Build.0 = Debug|Any CPU
		{8C1A7CCA-977B-4AAD-A88A-C8527E0E72ED}.AppStore|x86.ActiveCfg = Debug|Any CPU
		{8C1A7CCA-977B-4AAD-A88A-C8527E0E72ED}.AppStore|x86.Build.0 = Debug|Any CPU
		{8C1A7CCA-977B-4AAD-A88A-C8527E0E72ED}.Debug|Any CPU.ActiveCfg = Debug|Any CPU
		{8C1A7CCA-977B-4AAD-A88A-C8527E0E72ED}.Debug|Any CPU.Build.0 = Debug|Any CPU
		{8C1A7CCA-977B-4AAD-A88A-C8527E0E72ED}.Debug|ARM.ActiveCfg = Debug|Any CPU
		{8C1A7CCA-977B-4AAD-A88A-C8527E0E72ED}.Debug|ARM.Build.0 = Debug|Any CPU
		{8C1A7CCA-977B-4AAD-A88A-C8527E0E72ED}.Debug|ARM64.ActiveCfg = Debug|Any CPU
		{8C1A7CCA-977B-4AAD-A88A-C8527E0E72ED}.Debug|ARM64.Build.0 = Debug|Any CPU
		{8C1A7CCA-977B-4AAD-A88A-C8527E0E72ED}.Debug|iPhone.ActiveCfg = Debug|Any CPU
		{8C1A7CCA-977B-4AAD-A88A-C8527E0E72ED}.Debug|iPhone.Build.0 = Debug|Any CPU
		{8C1A7CCA-977B-4AAD-A88A-C8527E0E72ED}.Debug|iPhoneSimulator.ActiveCfg = Debug|Any CPU
		{8C1A7CCA-977B-4AAD-A88A-C8527E0E72ED}.Debug|iPhoneSimulator.Build.0 = Debug|Any CPU
		{8C1A7CCA-977B-4AAD-A88A-C8527E0E72ED}.Debug|x64.ActiveCfg = Debug|Any CPU
		{8C1A7CCA-977B-4AAD-A88A-C8527E0E72ED}.Debug|x64.Build.0 = Debug|Any CPU
		{8C1A7CCA-977B-4AAD-A88A-C8527E0E72ED}.Debug|x86.ActiveCfg = Debug|Any CPU
		{8C1A7CCA-977B-4AAD-A88A-C8527E0E72ED}.Debug|x86.Build.0 = Debug|Any CPU
		{8C1A7CCA-977B-4AAD-A88A-C8527E0E72ED}.Release|Any CPU.ActiveCfg = Release|Any CPU
		{8C1A7CCA-977B-4AAD-A88A-C8527E0E72ED}.Release|Any CPU.Build.0 = Release|Any CPU
		{8C1A7CCA-977B-4AAD-A88A-C8527E0E72ED}.Release|ARM.ActiveCfg = Release|Any CPU
		{8C1A7CCA-977B-4AAD-A88A-C8527E0E72ED}.Release|ARM.Build.0 = Release|Any CPU
		{8C1A7CCA-977B-4AAD-A88A-C8527E0E72ED}.Release|ARM64.ActiveCfg = Release|Any CPU
		{8C1A7CCA-977B-4AAD-A88A-C8527E0E72ED}.Release|ARM64.Build.0 = Release|Any CPU
		{8C1A7CCA-977B-4AAD-A88A-C8527E0E72ED}.Release|iPhone.ActiveCfg = Release|Any CPU
		{8C1A7CCA-977B-4AAD-A88A-C8527E0E72ED}.Release|iPhone.Build.0 = Release|Any CPU
		{8C1A7CCA-977B-4AAD-A88A-C8527E0E72ED}.Release|iPhoneSimulator.ActiveCfg = Release|Any CPU
		{8C1A7CCA-977B-4AAD-A88A-C8527E0E72ED}.Release|iPhoneSimulator.Build.0 = Release|Any CPU
		{8C1A7CCA-977B-4AAD-A88A-C8527E0E72ED}.Release|x64.ActiveCfg = Release|Any CPU
		{8C1A7CCA-977B-4AAD-A88A-C8527E0E72ED}.Release|x64.Build.0 = Release|Any CPU
		{8C1A7CCA-977B-4AAD-A88A-C8527E0E72ED}.Release|x86.ActiveCfg = Release|Any CPU
		{8C1A7CCA-977B-4AAD-A88A-C8527E0E72ED}.Release|x86.Build.0 = Release|Any CPU
		{A941B714-200F-4948-9F13-86B275681EE2}.Ad-Hoc|Any CPU.ActiveCfg = Debug|Any CPU
		{A941B714-200F-4948-9F13-86B275681EE2}.Ad-Hoc|Any CPU.Build.0 = Debug|Any CPU
		{A941B714-200F-4948-9F13-86B275681EE2}.Ad-Hoc|ARM.ActiveCfg = Debug|Any CPU
		{A941B714-200F-4948-9F13-86B275681EE2}.Ad-Hoc|ARM.Build.0 = Debug|Any CPU
		{A941B714-200F-4948-9F13-86B275681EE2}.Ad-Hoc|ARM64.ActiveCfg = Debug|Any CPU
		{A941B714-200F-4948-9F13-86B275681EE2}.Ad-Hoc|ARM64.Build.0 = Debug|Any CPU
		{A941B714-200F-4948-9F13-86B275681EE2}.Ad-Hoc|iPhone.ActiveCfg = Debug|Any CPU
		{A941B714-200F-4948-9F13-86B275681EE2}.Ad-Hoc|iPhone.Build.0 = Debug|Any CPU
		{A941B714-200F-4948-9F13-86B275681EE2}.Ad-Hoc|iPhoneSimulator.ActiveCfg = Debug|Any CPU
		{A941B714-200F-4948-9F13-86B275681EE2}.Ad-Hoc|iPhoneSimulator.Build.0 = Debug|Any CPU
		{A941B714-200F-4948-9F13-86B275681EE2}.Ad-Hoc|x64.ActiveCfg = Debug|Any CPU
		{A941B714-200F-4948-9F13-86B275681EE2}.Ad-Hoc|x64.Build.0 = Debug|Any CPU
		{A941B714-200F-4948-9F13-86B275681EE2}.Ad-Hoc|x86.ActiveCfg = Debug|Any CPU
		{A941B714-200F-4948-9F13-86B275681EE2}.Ad-Hoc|x86.Build.0 = Debug|Any CPU
		{A941B714-200F-4948-9F13-86B275681EE2}.AppStore|Any CPU.ActiveCfg = Debug|Any CPU
		{A941B714-200F-4948-9F13-86B275681EE2}.AppStore|Any CPU.Build.0 = Debug|Any CPU
		{A941B714-200F-4948-9F13-86B275681EE2}.AppStore|ARM.ActiveCfg = Debug|Any CPU
		{A941B714-200F-4948-9F13-86B275681EE2}.AppStore|ARM.Build.0 = Debug|Any CPU
		{A941B714-200F-4948-9F13-86B275681EE2}.AppStore|ARM64.ActiveCfg = Debug|Any CPU
		{A941B714-200F-4948-9F13-86B275681EE2}.AppStore|ARM64.Build.0 = Debug|Any CPU
		{A941B714-200F-4948-9F13-86B275681EE2}.AppStore|iPhone.ActiveCfg = Debug|Any CPU
		{A941B714-200F-4948-9F13-86B275681EE2}.AppStore|iPhone.Build.0 = Debug|Any CPU
		{A941B714-200F-4948-9F13-86B275681EE2}.AppStore|iPhoneSimulator.ActiveCfg = Debug|Any CPU
		{A941B714-200F-4948-9F13-86B275681EE2}.AppStore|iPhoneSimulator.Build.0 = Debug|Any CPU
		{A941B714-200F-4948-9F13-86B275681EE2}.AppStore|x64.ActiveCfg = Debug|Any CPU
		{A941B714-200F-4948-9F13-86B275681EE2}.AppStore|x64.Build.0 = Debug|Any CPU
		{A941B714-200F-4948-9F13-86B275681EE2}.AppStore|x86.ActiveCfg = Debug|Any CPU
		{A941B714-200F-4948-9F13-86B275681EE2}.AppStore|x86.Build.0 = Debug|Any CPU
		{A941B714-200F-4948-9F13-86B275681EE2}.Debug|Any CPU.ActiveCfg = Debug|Any CPU
		{A941B714-200F-4948-9F13-86B275681EE2}.Debug|Any CPU.Build.0 = Debug|Any CPU
		{A941B714-200F-4948-9F13-86B275681EE2}.Debug|ARM.ActiveCfg = Debug|Any CPU
		{A941B714-200F-4948-9F13-86B275681EE2}.Debug|ARM.Build.0 = Debug|Any CPU
		{A941B714-200F-4948-9F13-86B275681EE2}.Debug|ARM64.ActiveCfg = Debug|Any CPU
		{A941B714-200F-4948-9F13-86B275681EE2}.Debug|ARM64.Build.0 = Debug|Any CPU
		{A941B714-200F-4948-9F13-86B275681EE2}.Debug|iPhone.ActiveCfg = Debug|Any CPU
		{A941B714-200F-4948-9F13-86B275681EE2}.Debug|iPhone.Build.0 = Debug|Any CPU
		{A941B714-200F-4948-9F13-86B275681EE2}.Debug|iPhoneSimulator.ActiveCfg = Debug|Any CPU
		{A941B714-200F-4948-9F13-86B275681EE2}.Debug|iPhoneSimulator.Build.0 = Debug|Any CPU
		{A941B714-200F-4948-9F13-86B275681EE2}.Debug|x64.ActiveCfg = Debug|Any CPU
		{A941B714-200F-4948-9F13-86B275681EE2}.Debug|x64.Build.0 = Debug|Any CPU
		{A941B714-200F-4948-9F13-86B275681EE2}.Debug|x86.ActiveCfg = Debug|Any CPU
		{A941B714-200F-4948-9F13-86B275681EE2}.Debug|x86.Build.0 = Debug|Any CPU
		{A941B714-200F-4948-9F13-86B275681EE2}.Release|Any CPU.ActiveCfg = Release|Any CPU
		{A941B714-200F-4948-9F13-86B275681EE2}.Release|Any CPU.Build.0 = Release|Any CPU
		{A941B714-200F-4948-9F13-86B275681EE2}.Release|ARM.ActiveCfg = Release|Any CPU
		{A941B714-200F-4948-9F13-86B275681EE2}.Release|ARM.Build.0 = Release|Any CPU
		{A941B714-200F-4948-9F13-86B275681EE2}.Release|ARM64.ActiveCfg = Release|Any CPU
		{A941B714-200F-4948-9F13-86B275681EE2}.Release|ARM64.Build.0 = Release|Any CPU
		{A941B714-200F-4948-9F13-86B275681EE2}.Release|iPhone.ActiveCfg = Release|Any CPU
		{A941B714-200F-4948-9F13-86B275681EE2}.Release|iPhone.Build.0 = Release|Any CPU
		{A941B714-200F-4948-9F13-86B275681EE2}.Release|iPhoneSimulator.ActiveCfg = Release|Any CPU
		{A941B714-200F-4948-9F13-86B275681EE2}.Release|iPhoneSimulator.Build.0 = Release|Any CPU
		{A941B714-200F-4948-9F13-86B275681EE2}.Release|x64.ActiveCfg = Release|Any CPU
		{A941B714-200F-4948-9F13-86B275681EE2}.Release|x64.Build.0 = Release|Any CPU
		{A941B714-200F-4948-9F13-86B275681EE2}.Release|x86.ActiveCfg = Release|Any CPU
		{A941B714-200F-4948-9F13-86B275681EE2}.Release|x86.Build.0 = Release|Any CPU
		{483F39B8-D9A3-4C4D-AA27-CE1E8283DAC2}.Ad-Hoc|Any CPU.ActiveCfg = Debug|Any CPU
		{483F39B8-D9A3-4C4D-AA27-CE1E8283DAC2}.Ad-Hoc|Any CPU.Build.0 = Debug|Any CPU
		{483F39B8-D9A3-4C4D-AA27-CE1E8283DAC2}.Ad-Hoc|ARM.ActiveCfg = Debug|Any CPU
		{483F39B8-D9A3-4C4D-AA27-CE1E8283DAC2}.Ad-Hoc|ARM.Build.0 = Debug|Any CPU
		{483F39B8-D9A3-4C4D-AA27-CE1E8283DAC2}.Ad-Hoc|ARM64.ActiveCfg = Debug|Any CPU
		{483F39B8-D9A3-4C4D-AA27-CE1E8283DAC2}.Ad-Hoc|ARM64.Build.0 = Debug|Any CPU
		{483F39B8-D9A3-4C4D-AA27-CE1E8283DAC2}.Ad-Hoc|iPhone.ActiveCfg = Debug|Any CPU
		{483F39B8-D9A3-4C4D-AA27-CE1E8283DAC2}.Ad-Hoc|iPhone.Build.0 = Debug|Any CPU
		{483F39B8-D9A3-4C4D-AA27-CE1E8283DAC2}.Ad-Hoc|iPhoneSimulator.ActiveCfg = Debug|Any CPU
		{483F39B8-D9A3-4C4D-AA27-CE1E8283DAC2}.Ad-Hoc|iPhoneSimulator.Build.0 = Debug|Any CPU
		{483F39B8-D9A3-4C4D-AA27-CE1E8283DAC2}.Ad-Hoc|x64.ActiveCfg = Debug|Any CPU
		{483F39B8-D9A3-4C4D-AA27-CE1E8283DAC2}.Ad-Hoc|x64.Build.0 = Debug|Any CPU
		{483F39B8-D9A3-4C4D-AA27-CE1E8283DAC2}.Ad-Hoc|x86.ActiveCfg = Debug|Any CPU
		{483F39B8-D9A3-4C4D-AA27-CE1E8283DAC2}.Ad-Hoc|x86.Build.0 = Debug|Any CPU
		{483F39B8-D9A3-4C4D-AA27-CE1E8283DAC2}.AppStore|Any CPU.ActiveCfg = Debug|Any CPU
		{483F39B8-D9A3-4C4D-AA27-CE1E8283DAC2}.AppStore|Any CPU.Build.0 = Debug|Any CPU
		{483F39B8-D9A3-4C4D-AA27-CE1E8283DAC2}.AppStore|ARM.ActiveCfg = Debug|Any CPU
		{483F39B8-D9A3-4C4D-AA27-CE1E8283DAC2}.AppStore|ARM.Build.0 = Debug|Any CPU
		{483F39B8-D9A3-4C4D-AA27-CE1E8283DAC2}.AppStore|ARM64.ActiveCfg = Debug|Any CPU
		{483F39B8-D9A3-4C4D-AA27-CE1E8283DAC2}.AppStore|ARM64.Build.0 = Debug|Any CPU
		{483F39B8-D9A3-4C4D-AA27-CE1E8283DAC2}.AppStore|iPhone.ActiveCfg = Debug|Any CPU
		{483F39B8-D9A3-4C4D-AA27-CE1E8283DAC2}.AppStore|iPhone.Build.0 = Debug|Any CPU
		{483F39B8-D9A3-4C4D-AA27-CE1E8283DAC2}.AppStore|iPhoneSimulator.ActiveCfg = Debug|Any CPU
		{483F39B8-D9A3-4C4D-AA27-CE1E8283DAC2}.AppStore|iPhoneSimulator.Build.0 = Debug|Any CPU
		{483F39B8-D9A3-4C4D-AA27-CE1E8283DAC2}.AppStore|x64.ActiveCfg = Debug|Any CPU
		{483F39B8-D9A3-4C4D-AA27-CE1E8283DAC2}.AppStore|x64.Build.0 = Debug|Any CPU
		{483F39B8-D9A3-4C4D-AA27-CE1E8283DAC2}.AppStore|x86.ActiveCfg = Debug|Any CPU
		{483F39B8-D9A3-4C4D-AA27-CE1E8283DAC2}.AppStore|x86.Build.0 = Debug|Any CPU
		{483F39B8-D9A3-4C4D-AA27-CE1E8283DAC2}.Debug|Any CPU.ActiveCfg = Debug|Any CPU
		{483F39B8-D9A3-4C4D-AA27-CE1E8283DAC2}.Debug|Any CPU.Build.0 = Debug|Any CPU
		{483F39B8-D9A3-4C4D-AA27-CE1E8283DAC2}.Debug|ARM.ActiveCfg = Debug|Any CPU
		{483F39B8-D9A3-4C4D-AA27-CE1E8283DAC2}.Debug|ARM.Build.0 = Debug|Any CPU
		{483F39B8-D9A3-4C4D-AA27-CE1E8283DAC2}.Debug|ARM64.ActiveCfg = Debug|Any CPU
		{483F39B8-D9A3-4C4D-AA27-CE1E8283DAC2}.Debug|ARM64.Build.0 = Debug|Any CPU
		{483F39B8-D9A3-4C4D-AA27-CE1E8283DAC2}.Debug|iPhone.ActiveCfg = Debug|Any CPU
		{483F39B8-D9A3-4C4D-AA27-CE1E8283DAC2}.Debug|iPhone.Build.0 = Debug|Any CPU
		{483F39B8-D9A3-4C4D-AA27-CE1E8283DAC2}.Debug|iPhoneSimulator.ActiveCfg = Debug|Any CPU
		{483F39B8-D9A3-4C4D-AA27-CE1E8283DAC2}.Debug|iPhoneSimulator.Build.0 = Debug|Any CPU
		{483F39B8-D9A3-4C4D-AA27-CE1E8283DAC2}.Debug|x64.ActiveCfg = Debug|Any CPU
		{483F39B8-D9A3-4C4D-AA27-CE1E8283DAC2}.Debug|x64.Build.0 = Debug|Any CPU
		{483F39B8-D9A3-4C4D-AA27-CE1E8283DAC2}.Debug|x86.ActiveCfg = Debug|Any CPU
		{483F39B8-D9A3-4C4D-AA27-CE1E8283DAC2}.Debug|x86.Build.0 = Debug|Any CPU
		{483F39B8-D9A3-4C4D-AA27-CE1E8283DAC2}.Release|Any CPU.ActiveCfg = Release|Any CPU
		{483F39B8-D9A3-4C4D-AA27-CE1E8283DAC2}.Release|Any CPU.Build.0 = Release|Any CPU
		{483F39B8-D9A3-4C4D-AA27-CE1E8283DAC2}.Release|ARM.ActiveCfg = Release|Any CPU
		{483F39B8-D9A3-4C4D-AA27-CE1E8283DAC2}.Release|ARM.Build.0 = Release|Any CPU
		{483F39B8-D9A3-4C4D-AA27-CE1E8283DAC2}.Release|ARM64.ActiveCfg = Release|Any CPU
		{483F39B8-D9A3-4C4D-AA27-CE1E8283DAC2}.Release|ARM64.Build.0 = Release|Any CPU
		{483F39B8-D9A3-4C4D-AA27-CE1E8283DAC2}.Release|iPhone.ActiveCfg = Release|Any CPU
		{483F39B8-D9A3-4C4D-AA27-CE1E8283DAC2}.Release|iPhone.Build.0 = Release|Any CPU
		{483F39B8-D9A3-4C4D-AA27-CE1E8283DAC2}.Release|iPhoneSimulator.ActiveCfg = Release|Any CPU
		{483F39B8-D9A3-4C4D-AA27-CE1E8283DAC2}.Release|iPhoneSimulator.Build.0 = Release|Any CPU
		{483F39B8-D9A3-4C4D-AA27-CE1E8283DAC2}.Release|x64.ActiveCfg = Release|Any CPU
		{483F39B8-D9A3-4C4D-AA27-CE1E8283DAC2}.Release|x64.Build.0 = Release|Any CPU
		{483F39B8-D9A3-4C4D-AA27-CE1E8283DAC2}.Release|x86.ActiveCfg = Release|Any CPU
		{483F39B8-D9A3-4C4D-AA27-CE1E8283DAC2}.Release|x86.Build.0 = Release|Any CPU
		{0DE3A6BE-F846-4438-BAA0-24EF5AFC0F1F}.Ad-Hoc|Any CPU.ActiveCfg = Debug|Any CPU
		{0DE3A6BE-F846-4438-BAA0-24EF5AFC0F1F}.Ad-Hoc|Any CPU.Build.0 = Debug|Any CPU
		{0DE3A6BE-F846-4438-BAA0-24EF5AFC0F1F}.Ad-Hoc|ARM.ActiveCfg = Debug|Any CPU
		{0DE3A6BE-F846-4438-BAA0-24EF5AFC0F1F}.Ad-Hoc|ARM.Build.0 = Debug|Any CPU
		{0DE3A6BE-F846-4438-BAA0-24EF5AFC0F1F}.Ad-Hoc|ARM64.ActiveCfg = Debug|Any CPU
		{0DE3A6BE-F846-4438-BAA0-24EF5AFC0F1F}.Ad-Hoc|ARM64.Build.0 = Debug|Any CPU
		{0DE3A6BE-F846-4438-BAA0-24EF5AFC0F1F}.Ad-Hoc|iPhone.ActiveCfg = Debug|Any CPU
		{0DE3A6BE-F846-4438-BAA0-24EF5AFC0F1F}.Ad-Hoc|iPhone.Build.0 = Debug|Any CPU
		{0DE3A6BE-F846-4438-BAA0-24EF5AFC0F1F}.Ad-Hoc|iPhoneSimulator.ActiveCfg = Debug|Any CPU
		{0DE3A6BE-F846-4438-BAA0-24EF5AFC0F1F}.Ad-Hoc|iPhoneSimulator.Build.0 = Debug|Any CPU
		{0DE3A6BE-F846-4438-BAA0-24EF5AFC0F1F}.Ad-Hoc|x64.ActiveCfg = Debug|Any CPU
		{0DE3A6BE-F846-4438-BAA0-24EF5AFC0F1F}.Ad-Hoc|x64.Build.0 = Debug|Any CPU
		{0DE3A6BE-F846-4438-BAA0-24EF5AFC0F1F}.Ad-Hoc|x86.ActiveCfg = Debug|Any CPU
		{0DE3A6BE-F846-4438-BAA0-24EF5AFC0F1F}.Ad-Hoc|x86.Build.0 = Debug|Any CPU
		{0DE3A6BE-F846-4438-BAA0-24EF5AFC0F1F}.AppStore|Any CPU.ActiveCfg = Debug|Any CPU
		{0DE3A6BE-F846-4438-BAA0-24EF5AFC0F1F}.AppStore|Any CPU.Build.0 = Debug|Any CPU
		{0DE3A6BE-F846-4438-BAA0-24EF5AFC0F1F}.AppStore|ARM.ActiveCfg = Debug|Any CPU
		{0DE3A6BE-F846-4438-BAA0-24EF5AFC0F1F}.AppStore|ARM.Build.0 = Debug|Any CPU
		{0DE3A6BE-F846-4438-BAA0-24EF5AFC0F1F}.AppStore|ARM64.ActiveCfg = Debug|Any CPU
		{0DE3A6BE-F846-4438-BAA0-24EF5AFC0F1F}.AppStore|ARM64.Build.0 = Debug|Any CPU
		{0DE3A6BE-F846-4438-BAA0-24EF5AFC0F1F}.AppStore|iPhone.ActiveCfg = Debug|Any CPU
		{0DE3A6BE-F846-4438-BAA0-24EF5AFC0F1F}.AppStore|iPhone.Build.0 = Debug|Any CPU
		{0DE3A6BE-F846-4438-BAA0-24EF5AFC0F1F}.AppStore|iPhoneSimulator.ActiveCfg = Debug|Any CPU
		{0DE3A6BE-F846-4438-BAA0-24EF5AFC0F1F}.AppStore|iPhoneSimulator.Build.0 = Debug|Any CPU
		{0DE3A6BE-F846-4438-BAA0-24EF5AFC0F1F}.AppStore|x64.ActiveCfg = Debug|Any CPU
		{0DE3A6BE-F846-4438-BAA0-24EF5AFC0F1F}.AppStore|x64.Build.0 = Debug|Any CPU
		{0DE3A6BE-F846-4438-BAA0-24EF5AFC0F1F}.AppStore|x86.ActiveCfg = Debug|Any CPU
		{0DE3A6BE-F846-4438-BAA0-24EF5AFC0F1F}.AppStore|x86.Build.0 = Debug|Any CPU
		{0DE3A6BE-F846-4438-BAA0-24EF5AFC0F1F}.Debug|Any CPU.ActiveCfg = Debug|Any CPU
		{0DE3A6BE-F846-4438-BAA0-24EF5AFC0F1F}.Debug|Any CPU.Build.0 = Debug|Any CPU
		{0DE3A6BE-F846-4438-BAA0-24EF5AFC0F1F}.Debug|ARM.ActiveCfg = Debug|Any CPU
		{0DE3A6BE-F846-4438-BAA0-24EF5AFC0F1F}.Debug|ARM.Build.0 = Debug|Any CPU
		{0DE3A6BE-F846-4438-BAA0-24EF5AFC0F1F}.Debug|ARM64.ActiveCfg = Debug|Any CPU
		{0DE3A6BE-F846-4438-BAA0-24EF5AFC0F1F}.Debug|ARM64.Build.0 = Debug|Any CPU
		{0DE3A6BE-F846-4438-BAA0-24EF5AFC0F1F}.Debug|iPhone.ActiveCfg = Debug|Any CPU
		{0DE3A6BE-F846-4438-BAA0-24EF5AFC0F1F}.Debug|iPhone.Build.0 = Debug|Any CPU
		{0DE3A6BE-F846-4438-BAA0-24EF5AFC0F1F}.Debug|iPhoneSimulator.ActiveCfg = Debug|Any CPU
		{0DE3A6BE-F846-4438-BAA0-24EF5AFC0F1F}.Debug|iPhoneSimulator.Build.0 = Debug|Any CPU
		{0DE3A6BE-F846-4438-BAA0-24EF5AFC0F1F}.Debug|x64.ActiveCfg = Debug|Any CPU
		{0DE3A6BE-F846-4438-BAA0-24EF5AFC0F1F}.Debug|x64.Build.0 = Debug|Any CPU
		{0DE3A6BE-F846-4438-BAA0-24EF5AFC0F1F}.Debug|x86.ActiveCfg = Debug|Any CPU
		{0DE3A6BE-F846-4438-BAA0-24EF5AFC0F1F}.Debug|x86.Build.0 = Debug|Any CPU
		{0DE3A6BE-F846-4438-BAA0-24EF5AFC0F1F}.Release|Any CPU.ActiveCfg = Release|Any CPU
		{0DE3A6BE-F846-4438-BAA0-24EF5AFC0F1F}.Release|Any CPU.Build.0 = Release|Any CPU
		{0DE3A6BE-F846-4438-BAA0-24EF5AFC0F1F}.Release|ARM.ActiveCfg = Release|Any CPU
		{0DE3A6BE-F846-4438-BAA0-24EF5AFC0F1F}.Release|ARM.Build.0 = Release|Any CPU
		{0DE3A6BE-F846-4438-BAA0-24EF5AFC0F1F}.Release|ARM64.ActiveCfg = Release|Any CPU
		{0DE3A6BE-F846-4438-BAA0-24EF5AFC0F1F}.Release|ARM64.Build.0 = Release|Any CPU
		{0DE3A6BE-F846-4438-BAA0-24EF5AFC0F1F}.Release|iPhone.ActiveCfg = Release|Any CPU
		{0DE3A6BE-F846-4438-BAA0-24EF5AFC0F1F}.Release|iPhone.Build.0 = Release|Any CPU
		{0DE3A6BE-F846-4438-BAA0-24EF5AFC0F1F}.Release|iPhoneSimulator.ActiveCfg = Release|Any CPU
		{0DE3A6BE-F846-4438-BAA0-24EF5AFC0F1F}.Release|iPhoneSimulator.Build.0 = Release|Any CPU
		{0DE3A6BE-F846-4438-BAA0-24EF5AFC0F1F}.Release|x64.ActiveCfg = Release|Any CPU
		{0DE3A6BE-F846-4438-BAA0-24EF5AFC0F1F}.Release|x64.Build.0 = Release|Any CPU
		{0DE3A6BE-F846-4438-BAA0-24EF5AFC0F1F}.Release|x86.ActiveCfg = Release|Any CPU
		{0DE3A6BE-F846-4438-BAA0-24EF5AFC0F1F}.Release|x86.Build.0 = Release|Any CPU
	EndGlobalSection
	GlobalSection(SolutionProperties) = preSolution
		HideSolutionNode = FALSE
	EndGlobalSection
	GlobalSection(NestedProjects) = preSolution
		{134493BF-A65B-410D-A38B-FE1A94DBBE8A} = {231FE93C-0CE9-4194-A994-0C58B7837FBC}
		{72C15D60-1F45-4DB0-807A-1495B79C7015} = {231FE93C-0CE9-4194-A994-0C58B7837FBC}
		{82388DFC-AA0C-4F65-8218-D8A493F1A9CB} = {231FE93C-0CE9-4194-A994-0C58B7837FBC}
		{FAC2FAC5-9A82-47FD-923E-CC62DFA9FE2C} = {231FE93C-0CE9-4194-A994-0C58B7837FBC}
		{DCC2EFF6-5B3B-4DD9-BD35-DE8E48A5EE25} = {231FE93C-0CE9-4194-A994-0C58B7837FBC}
		{8C1A7CCA-977B-4AAD-A88A-C8527E0E72ED} = {231FE93C-0CE9-4194-A994-0C58B7837FBC}
		{A941B714-200F-4948-9F13-86B275681EE2} = {231FE93C-0CE9-4194-A994-0C58B7837FBC}
		{483F39B8-D9A3-4C4D-AA27-CE1E8283DAC2} = {231FE93C-0CE9-4194-A994-0C58B7837FBC}
		{0DE3A6BE-F846-4438-BAA0-24EF5AFC0F1F} = {231FE93C-0CE9-4194-A994-0C58B7837FBC}
	EndGlobalSection
	GlobalSection(ExtensibilityGlobals) = postSolution
		SolutionGuid = {F4C72CCF-3D91-413D-9B31-D25CFBDD8A8C}
	EndGlobalSection
EndGlobal
